
Microsoft Visual Studio Solution File, Format Version 12.00
# Visual Studio Version 17
VisualStudioVersion = 17.7.34031.279
MinimumVisualStudioVersion = 10.0.40219.1
Project("{FAE04EC0-301F-11D3-BF4B-00C04F79EFBC}") = "02-ImagePalette", "02-ImagePalette.csproj", "{08E54D8F-6DBB-467D-9DB5-45659F2AC7C2}"
EndProject
Global
	GlobalSection(SolutionConfigurationPlatforms) = preSolution
		Debug|Any CPU = Debug|Any CPU
		Release|Any CPU = Release|Any CPU
	EndGlobalSection
	GlobalSection(ProjectConfigurationPlatforms) = postSolution
		{08E54D8F-6DBB-467D-9DB5-45659F2AC7C2}.Debug|Any CPU.ActiveCfg = Debug|Any CPU
		{08E54D8F-6DBB-467D-9DB5-45659F2AC7C2}.Debug|Any CPU.Build.0 = Debug|Any CPU
		{08E54D8F-6DBB-467D-9DB5-45659F2AC7C2}.Release|Any CPU.ActiveCfg = Release|Any CPU
		{08E54D8F-6DBB-467D-9DB5-45659F2AC7C2}.Release|Any CPU.Build.0 = Release|Any CPU
	EndGlobalSection
	GlobalSection(SolutionProperties) = preSolution
		HideSolutionNode = FALSE
	EndGlobalSection
	GlobalSection(ExtensibilityGlobals) = postSolution
		SolutionGuid = {1AF82747-EC6D-447F-8711-664568F9FA64}
	EndGlobalSection
EndGlobal
